
Microsoft Visual Studio Solution File, Format Version 12.00
# Visual Studio Version 17
VisualStudioVersion = 17.0.31717.71
MinimumVisualStudioVersion = 10.0.40219.1
Project("{9A19103F-16F7-4668-BE54-9A1E7A4F7556}") = "WmdaConnectCLI", "WmdaConnectCLI\WmdaConnectCLI.csproj", "{998B7E0B-B4EB-4F0E-AC88-2584E9578CA6}"
EndProject
Project("{888888A0-9F3D-457C-B088-3A5042F75D52}") = "WmdaConnectCLIpy", "WmdaConnectCLIpy\WmdaConnectCLIpy.pyproj", "{C4F12223-4DB6-41FD-B7FB-9F234B546DA2}"
EndProject
Project("{2150E333-8FDC-42A3-9474-1A3956D46DE8}") = "submodules", "submodules", "{384A8879-51E1-4911-9DCD-DB9A97DE6E1C}"
EndProject
Project("{9A19103F-16F7-4668-BE54-9A1E7A4F7556}") = "WmdaConnect.Models", "WmdaConnectShared\WmdaConnect.Models\WmdaConnect.Models.csproj", "{8967C77D-6F80-427F-B555-A4263ACB0E94}"
EndProject
Project("{9A19103F-16F7-4668-BE54-9A1E7A4F7556}") = "WmdaConnect.Shared", "WmdaConnectShared\WmdaConnect.Shared\WmdaConnect.Shared.csproj", "{09F709D0-5725-44CD-AC99-9F0270D9E05C}"
EndProject
Global
	GlobalSection(SolutionConfigurationPlatforms) = preSolution
		Debug|Any CPU = Debug|Any CPU
		Release|Any CPU = Release|Any CPU
	EndGlobalSection
	GlobalSection(ProjectConfigurationPlatforms) = postSolution
		{998B7E0B-B4EB-4F0E-AC88-2584E9578CA6}.Debug|Any CPU.ActiveCfg = Debug|Any CPU
		{998B7E0B-B4EB-4F0E-AC88-2584E9578CA6}.Debug|Any CPU.Build.0 = Debug|Any CPU
		{998B7E0B-B4EB-4F0E-AC88-2584E9578CA6}.Release|Any CPU.ActiveCfg = Release|Any CPU
		{998B7E0B-B4EB-4F0E-AC88-2584E9578CA6}.Release|Any CPU.Build.0 = Release|Any CPU
		{C4F12223-4DB6-41FD-B7FB-9F234B546DA2}.Debug|Any CPU.ActiveCfg = Debug|Any CPU
		{C4F12223-4DB6-41FD-B7FB-9F234B546DA2}.Release|Any CPU.ActiveCfg = Release|Any CPU
		{8967C77D-6F80-427F-B555-A4263ACB0E94}.Debug|Any CPU.ActiveCfg = Debug|Any CPU
		{8967C77D-6F80-427F-B555-A4263ACB0E94}.Debug|Any CPU.Build.0 = Debug|Any CPU
		{8967C77D-6F80-427F-B555-A4263ACB0E94}.Release|Any CPU.ActiveCfg = Release|Any CPU
		{8967C77D-6F80-427F-B555-A4263ACB0E94}.Release|Any CPU.Build.0 = Release|Any CPU
		{09F709D0-5725-44CD-AC99-9F0270D9E05C}.Debug|Any CPU.ActiveCfg = Debug|Any CPU
		{09F709D0-5725-44CD-AC99-9F0270D9E05C}.Debug|Any CPU.Build.0 = Debug|Any CPU
		{09F709D0-5725-44CD-AC99-9F0270D9E05C}.Release|Any CPU.ActiveCfg = Release|Any CPU
		{09F709D0-5725-44CD-AC99-9F0270D9E05C}.Release|Any CPU.Build.0 = Release|Any CPU
	EndGlobalSection
	GlobalSection(SolutionProperties) = preSolution
		HideSolutionNode = FALSE
	EndGlobalSection
	GlobalSection(NestedProjects) = preSolution
		{8967C77D-6F80-427F-B555-A4263ACB0E94} = {384A8879-51E1-4911-9DCD-DB9A97DE6E1C}
		{09F709D0-5725-44CD-AC99-9F0270D9E05C} = {384A8879-51E1-4911-9DCD-DB9A97DE6E1C}
	EndGlobalSection
	GlobalSection(ExtensibilityGlobals) = postSolution
		SolutionGuid = {613E4555-DE7F-4868-8BE5-E2FFDE0AF87B}
	EndGlobalSection
EndGlobal
